
Microsoft Visual Studio Solution File, Format Version 12.00
# Visual Studio Version 16
VisualStudioVersion = 16.0.31105.61
MinimumVisualStudioVersion = 10.0.40219.1
Project("{FAE04EC0-301F-11D3-BF4B-00C04F79EFBC}") = "DateTimeDigital", "DateTimeDigital\DateTimeDigital.csproj", "{1477C6A0-8178-4676-825E-00A92DBA5EDA}"
EndProject
Global
	GlobalSection(SolutionConfigurationPlatforms) = preSolution
		Debug|Any CPU = Debug|Any CPU
		Release|Any CPU = Release|Any CPU
	EndGlobalSection
	GlobalSection(ProjectConfigurationPlatforms) = postSolution
		{1477C6A0-8178-4676-825E-00A92DBA5EDA}.Debug|Any CPU.ActiveCfg = Debug|Any CPU
		{1477C6A0-8178-4676-825E-00A92DBA5EDA}.Debug|Any CPU.Build.0 = Debug|Any CPU
		{1477C6A0-8178-4676-825E-00A92DBA5EDA}.Release|Any CPU.ActiveCfg = Release|Any CPU
		{1477C6A0-8178-4676-825E-00A92DBA5EDA}.Release|Any CPU.Build.0 = Release|Any CPU
	EndGlobalSection
	GlobalSection(SolutionProperties) = preSolution
		HideSolutionNode = FALSE
	EndGlobalSection
	GlobalSection(ExtensibilityGlobals) = postSolution
		SolutionGuid = {D881453F-B8D4-4812-9FE9-0CBE7EAFC135}
	EndGlobalSection
EndGlobal
